
Microsoft Visual Studio Solution File, Format Version 12.00
# Visual Studio Version 17
VisualStudioVersion = 17.2.32630.192
MinimumVisualStudioVersion = 10.0.40219.1
Project("{FAE04EC0-301F-11D3-BF4B-00C04F79EFBC}") = "SF2022UserZMQPLib", "SF2022UserZMQPLib\SF2022UserZMQPLib.csproj", "{048209EF-FBC7-4565-8011-F91052803D35}"
EndProject
Project("{FAE04EC0-301F-11D3-BF4B-00C04F79EFBC}") = "SF2022UserZMQPLib.Tests", "SF2022UserZMQPLib.Tests\SF2022UserZMQPLib.Tests.csproj", "{6D42DC57-2C95-4D27-B7D9-32B97F03B70C}"
EndProject
Global
	GlobalSection(SolutionConfigurationPlatforms) = preSolution
		Debug|Any CPU = Debug|Any CPU
		Release|Any CPU = Release|Any CPU
	EndGlobalSection
	GlobalSection(ProjectConfigurationPlatforms) = postSolution
		{048209EF-FBC7-4565-8011-F91052803D35}.Debug|Any CPU.ActiveCfg = Debug|Any CPU
		{048209EF-FBC7-4565-8011-F91052803D35}.Debug|Any CPU.Build.0 = Debug|Any CPU
		{048209EF-FBC7-4565-8011-F91052803D35}.Release|Any CPU.ActiveCfg = Release|Any CPU
		{048209EF-FBC7-4565-8011-F91052803D35}.Release|Any CPU.Build.0 = Release|Any CPU
		{6D42DC57-2C95-4D27-B7D9-32B97F03B70C}.Debug|Any CPU.ActiveCfg = Debug|Any CPU
		{6D42DC57-2C95-4D27-B7D9-32B97F03B70C}.Debug|Any CPU.Build.0 = Debug|Any CPU
		{6D42DC57-2C95-4D27-B7D9-32B97F03B70C}.Release|Any CPU.ActiveCfg = Release|Any CPU
		{6D42DC57-2C95-4D27-B7D9-32B97F03B70C}.Release|Any CPU.Build.0 = Release|Any CPU
	EndGlobalSection
	GlobalSection(SolutionProperties) = preSolution
		HideSolutionNode = FALSE
	EndGlobalSection
	GlobalSection(ExtensibilityGlobals) = postSolution
		SolutionGuid = {97050171-41D5-4AD5-A354-454524CB9042}
	EndGlobalSection
EndGlobal
